[[dependencies]]
name = "@openzeppelin-contracts"
version = "5.5.0"
url = "https://soldeer-revisions.s3.amazonaws.com/@openzeppelin-contracts/5_5_0_01-11-2025_09:56:40_contracts.zip"
checksum = "2ee78837130cf06b456d9ef7ab70753685d9c1c9c2c5b70f24bd4c16695d0337"
integrity = "da8336cf949f0e0667ae8360af849681e3a3e76d7e61e7a86b1a3414a158aeea"

[[dependencies]]
name = "@openzeppelin-contracts-upgradeable"
version = "5.5.0"
url = "https://soldeer-revisions.s3.amazonaws.com/@openzeppelin-contracts-upgradeable/5_5_0_01-11-2025_09:56:46_contracts-upgradeable.zip"
checksum = "6360df12918b82436dfd68a4a7d9b962aa4d4b0b6bf323ecbd400b9eca5e5974"
integrity = "ede37ded73bb7dff1325cdfcc124d83afff3d92e646a9418d79ac0d6a9721b05"

[[dependencies]]
name = "forge-std"
version = "v1.14.0"
git = "https://github.com/foundry-rs/forge-std.git"
rev = "1801b0541f4fda118a10798fd3486bb7051c5dd6"
